// !$*UTF8*$!
{
	archiveVersion = 1;
	classes = {
	};
	objectVersion = 46;
	objects = {

/* Begin PBXBuildFile section */
		41010FFB1D25E9B3002F805F /* AppDelegate.swift in Sources */ = {isa = PBXBuildFile; fileRef = 41010FFA1D25E9B3002F805F /* AppDelegate.swift */; };
		41010FFD1D25E9B3002F805F /* ViewController.swift in Sources */ = {isa = PBXBuildFile; fileRef = 41010FFC1D25E9B3002F805F /* ViewController.swift */; };
		410110001D25E9B3002F805F /* Main.storyboard in Resources */ = {isa = PBXBuildFile; fileRef = 41010FFE1D25E9B3002F805F /* Main.storyboard */; };
		410110021D25E9B3002F805F /* Assets.xcassets in Resources */ = {isa = PBXBuildFile; fileRef = 410110011D25E9B3002F805F /* Assets.xcassets */; };
		410110051D25E9B3002F805F /* LaunchScreen.storyboard in Resources */ = {isa = PBXBuildFile; fileRef = 410110031D25E9B3002F805F /* LaunchScreen.storyboard */; };
/* End PBXBuildFile section */

/* Begin PBXFileReference section */
		41010FF71D25E9B3002F805F /* Pokidex.app */ = {isa = PBXFileReference; explicitFileType = wrapper.application; includeInIndex = 0; path = Pokidex.app; sourceTree = BUILT_PRODUCTS_DIR; };
		41010FFA1D25E9B3002F805F /* AppDelegate.swift */ = {isa = PBXFileReference; lastKnownFileType = sourcecode.swift; path = AppDelegate.swift; sourceTree = "<group>"; };
		41010FFC1D25E9B3002F805F /* ViewController.swift */ = {isa = PBXFileReference; lastKnownFileType = sourcecode.swift; path = ViewController.swift; sourceTree = "<group>"; };
		41010FFF1D25E9B3002F805F /* Base */ = {isa = PBXFileReference; lastKnownFileType = file.storyboard; name = Base; path = Base.lproj/Main.storyboard; sourceTree = "<group>"; };
		410110011D25E9B3002F805F /* Assets.xcassets */ = {isa = PBXFileReference; lastKnownFileType = folder.assetcatalog; path = Assets.xcassets; sourceTree = "<group>"; };
		410110041D25E9B3002F805F /* Base */ = {isa = PBXFileReference; lastKnownFileType = file.storyboard; name = Base; path = Base.lproj/LaunchScreen.storyboard; sourceTree = "<group>"; };
		410110061D25E9B3002F805F /* Info.plist */ = {isa = PBXFileReference; lastKnownFileType = text.plist.xml; path = Info.plist; sourceTree = "<group>"; };
/* End PBXFileReference section */

/* Begin PBXFrameworksBuildPhase section */
		41010FF41D25E9B3002F805F /* Frameworks */ = {
			isa = PBXFrameworksBuildPhase;
			buildActionMask = 2147483647;
			files = (
			);
			runOnlyForDeploymentPostprocessing = 0;
		};
/* End PBXFrameworksBuildPhase section */

/* Begin PBXGroup section */
		41010FEE1D25E9B3002F805F = {
			isa = PBXGroup;
			children = (
				41010FF91D25E9B3002F805F /* Pokidex */,
				41010FF81D25E9B3002F805F /* Products */,
			);
			sourceTree = "<group>";
		};
		41010FF81D25E9B3002F805F /* Products */ = {
			isa = PBXGroup;
			children = (
				41010FF71D25E9B3002F805F /* Pokidex.app */,
			);
			name = Products;
			sourceTree = "<group>";
		};
		41010FF91D25E9B3002F805F /* Pokidex */ = {
			isa = PBXGroup;
			children = (
				41010FFA1D25E9B3002F805F /* AppDelegate.swift */,
				41010FFC1D25E9B3002F805F /* ViewController.swift */,
				41010FFE1D25E9B3002F805F /* Main.storyboard */,
				410110011D25E9B3002F805F /* Assets.xcassets */,
				410110031D25E9B3002F805F /* LaunchScreen.storyboard */,
				410110061D25E9B3002F805F /* Info.plist */,
			);
			path = Pokidex;
			sourceTree = "<group>";
		};
/* End PBXGroup section */

/* Begin PBXNativeTarget section */
		41010FF61D25E9B3002F805F /* Pokidex */ = {
			isa = PBXNativeTarget;
			buildConfigurationList = 410110091D25E9B3002F805F /* Build configuration list for PBXNativeTarget "Pokidex" */;
			buildPhases = (
				41010FF31D25E9B3002F805F /* Sources */,
				41010FF41D25E9B3002F805F /* Frameworks */,
				41010FF51D25E9B3002F805F /* Resources */,
			);
			buildRules = (
			);
			dependencies = (
			);
			name = Pokidex;
			productName = Pokidex;
			productReference = 41010FF71D25E9B3002F805F /* Pokidex.app */;
			productType = "com.apple.product-type.application";
		};
/* End PBXNativeTarget section */

/* Begin PBXProject section */
		41010FEF1D25E9B3002F805F /* Project object */ = {
			isa = PBXProject;
			attributes = {
				LastSwiftUpdateCheck = 0730;
				LastUpgradeCheck = 0730;
				ORGANIZATIONNAME = "Ali Akkawi";
				TargetAttributes = {
					41010FF61D25E9B3002F805F = {
						CreatedOnToolsVersion = 7.3.1;
					};
				};
			};
			buildConfigurationList = 41010FF21D25E9B3002F805F /* Build configuration list for PBXProject "Pokidex" */;
			compatibilityVersion = "Xcode 3.2";
			developmentRegion = English;
			hasScannedForEncodings = 0;
			knownRegions = (
				en,
				Base,
			);
			mainGroup = 41010FEE1D25E9B3002F805F;
			productRefGroup = 41010FF81D25E9B3002F805F /* Products */;
			projectDirPath = "";
			projectRoot = "";
			targets = (
				41010FF61D25E9B3002F805F /* Pokidex */,
			);
		};
/* End PBXProject section */

/* Begin PBXResourcesBuildPhase section */
		41010FF51D25E9B3002F805F /* Resources */ = {
			isa = PBXResourcesBuildPhase;
			buildActionMask = 2147483647;
			files = (
				410110051D25E9B3002F805F /* LaunchScreen.storyboard in Resources */,
				410110021D25E9B3002F805F /* Assets.xcassets in Resources */,
				410110001D25E9B3002F805F /* Main.storyboard in Resources */,
			);
			runOnlyForDeploymentPostprocessing = 0;
		};
/* End PBXResourcesBuildPhase section */

/* Begin PBXSourcesBuildPhase section */
		41010FF31D25E9B3002F805F /* Sources */ = {
			isa = PBXSourcesBuildPhase;
			buildActionMask = 2147483647;
			files = (
				41010FFD1D25E9B3002F805F /* ViewController.swift in Sources */,
				41010FFB1D25E9B3002F805F /* AppDelegate.swift in Sources */,
			);
			runOnlyForDeploymentPostprocessing = 0;
		};
/* End PBXSourcesBuildPhase section */

/* Begin PBXVariantGroup section */
		41010FFE1D25E9B3002F805F /* Main.storyboard */ = {
			isa = PBXVariantGroup;
			children = (
				41010FFF1D25E9B3002F805F /* Base */,
			);
			name = Main.storyboard;
			sourceTree = "<group>";
		};
		410110031D25E9B3002F805F /* LaunchScreen.storyboard */ = {
			isa = PBXVariantGroup;
			children = (
				410110041D25E9B3002F805F /* Base */,
			);
			name = LaunchScreen.storyboard;
			sourceTree = "<group>";
		};
/* End PBXVariantGroup section */

/* Begin XCBuildConfiguration section */
		410110071D25E9B3002F805F /* Debug */ = {
			isa = XCBuildConfiguration;
			buildSettings = {
				ALWAYS_SEARCH_USER_PATHS = NO;
				CLANG_ANALYZER_NONNULL = YES;
				CLANG_CXX_LANGUAGE_STANDARD = "gnu++0x";
				CLANG_CXX_LIBRARY = "libc++";
				CLANG_ENABLE_MODULES = YES;
				CLANG_ENABLE_OBJC_ARC = YES;
				CLANG_WARN_BOOL_CONVERSION = YES;
				CLANG_WARN_CONSTANT_CONVERSION = YES;
				CLANG_WARN_DIRECT_OBJC_ISA_USAGE = YES_ERROR;
				CLANG_WARN_EMPTY_BODY = YES;
				CLANG_WARN_ENUM_CONVERSION = YES;
				CLANG_WARN_INT_CONVERSION = YES;
				CLANG_WARN_OBJC_ROOT_CLASS = YES_ERROR;
				CLANG_WARN_UNREACHABLE_CODE = YES;
				CLANG_WARN__DUPLICATE_METHOD_MATCH = YES;
				"CODE_SIGN_IDENTITY[sdk=iphoneos*]" = "iPhone Developer";
				COPY_PHASE_STRIP = NO;
				DEBUG_INFORMATION_FORMAT = dwarf;
				ENABLE_STRICT_OBJC_MSGSEND = YES;
				ENABLE_TESTABILITY = YES;
				GCC_C_LANGUAGE_STANDARD = gnu99;
				GCC_DYNAMIC_NO_PIC = NO;
				GCC_NO_COMMON_BLOCKS = YES;
				GCC_OPTIMIZATION_LEVEL = 0;
				GCC_PREPROCESSOR_DEFINITIONS = (
					"DEBUG=1",
					"$(inherited)",
				);
				GCC_WARN_64_TO_32_BIT_CONVERSION = YES;
				GCC_WARN_ABOUT_RETURN_TYPE = YES_ERROR;
				GCC_WARN_UNDECLARED_SELECTOR = YES;
				GCC_WARN_UNINITIALIZED_AUTOS = YES_AGGRESSIVE;
				GCC_WARN_UNUSED_FUNCTION = YES;
				GCC_WARN_UNUSED_VARIABLE = YES;
				IPHONEOS_DEPLOYMENT_TARGET = 9.3;
				MTL_ENABLE_DEBUG_INFO = YES;
				ONLY_ACTIVE_ARCH = YES;
				SDKROOT = iphoneos;
				SWIFT_OPTIMIZATION_LEVEL = "-Onone";
				TARGETED_DEVICE_FAMILY = "1,2";
			};
			name = Debug;
		};
		410110081D25E9B3002F805F /* Release */ = {
			isa = XCBuildConfiguration;
			buildSettings = {
				ALWAYS_SEARCH_USER_PATHS = NO;
				CLANG_ANALYZER_NONNULL = YES;
				CLANG_CXX_LANGUAGE_STANDARD = "gnu++0x";
				CLANG_CXX_LIBRARY = "libc++";
				CLANG_ENABLE_MODULES = YES;
				CLANG_ENABLE_OBJC_ARC = YES;
				CLANG_WARN_BOOL_CONVERSION = YES;
				CLANG_WARN_CONSTANT_CONVERSION = YES;
				CLANG_WARN_DIRECT_OBJC_ISA_USAGE = YES_ERROR;
				CLANG_WARN_EMPTY_BODY = YES;
				CLANG_WARN_ENUM_CONVERSION = YES;
				CLANG_WARN_INT_CONVERSION = YES;
				CLANG_WARN_OBJC_ROOT_CLASS = YES_ERROR;
				CLANG_WARN_UNREACHABLE_CODE = YES;
				CLANG_WARN__DUPLICATE_METHOD_MATCH = YES;
				"CODE_SIGN_IDENTITY[sdk=iphoneos*]" = "iPhone Developer";
				COPY_PHASE_STRIP = NO;
				DEBUG_INFORMATION_FORMAT = "dwarf-with-dsym";
				ENABLE_NS_ASSERTIONS = NO;
				ENABLE_STRICT_OBJC_MSGSEND = YES;
				GCC_C_LANGUAGE_STANDARD = gnu99;
				GCC_NO_COMMON_BLOCKS = YES;
				GCC_WARN_64_TO_32_BIT_CONVERSION = YES;
				GCC_WARN_ABOUT_RETURN_TYPE = YES_ERROR;
				GCC_WARN_UNDECLARED_SELECTOR = YES;
				GCC_WARN_UNINITIALIZED_AUTOS = YES_AGGRESSIVE;
				GCC_WARN_UNUSED_FUNCTION = YES;
				GCC_WARN_UNUSED_VARIABLE = YES;
				IPHONEOS_DEPLOYMENT_TARGET = 9.3;
				MTL_ENABLE_DEBUG_INFO = NO;
				SDKROOT = iphoneos;
				TARGETED_DEVICE_FAMILY = "1,2";
				VALIDATE_PRODUCT = YES;
			};
			name = Release;
		};
		4101100A1D25E9B3002F805F /* Debug */ = {
			isa = XCBuildConfiguration;
			buildSettings = {
				ASSETCATALOG_COMPILER_APPICON_NAME = AppIcon;
				INFOPLIST_FILE = Pokidex/Info.plist;
				LD_RUNPATH_SEARCH_PATHS = "$(inherited) @executable_path/Frameworks";
				PRODUCT_BUNDLE_IDENTIFIER = com.aliakkawi85.Pokidex;
				PRODUCT_NAME = "$(TARGET_NAME)";
			};
			name = Debug;
		};
		4101100B1D25E9B3002F805F /* Release */ = {
			isa = XCBuildConfiguration;
			buildSettings = {
				ASSETCATALOG_COMPILER_APPICON_NAME = AppIcon;
				INFOPLIST_FILE = Pokidex/Info.plist;
				LD_RUNPATH_SEARCH_PATHS = "$(inherited) @executable_path/Frameworks";
				PRODUCT_BUNDLE_IDENTIFIER = com.aliakkawi85.Pokidex;
				PRODUCT_NAME = "$(TARGET_NAME)";
			};
			name = Release;
		};
/* End XCBuildConfiguration section */

/* Begin XCConfigurationList section */
		41010FF21D25E9B3002F805F /* Build configuration list for PBXProject "Pokidex" */ = {
			isa = XCConfigurationList;
			buildConfigurations = (
				410110071D25E9B3002F805F /* Debug */,
				410110081D25E9B3002F805F /* Release */,
			);
			defaultConfigurationIsVisible = 0;
			defaultConfigurationName = Release;
		};
		410110091D25E9B3002F805F /* Build configuration list for PBXNativeTarget "Pokidex" */ = {
			isa = XCConfigurationList;
			buildConfigurations = (
				4101100A1D25E9B3002F805F /* Debug */,
				4101100B1D25E9B3002F805F /* Release */,
			);
			defaultConfigurationIsVisible = 0;
		};
/* End XCConfigurationList section */
	};
	rootObject = 41010FEF1D25E9B3002F805F /* Project object */;
}
